
Microsoft Visual Studio Solution File, Format Version 12.00
# Visual Studio Version 17
VisualStudioVersion = 17.3.32804.467
MinimumVisualStudioVersion = 10.0.40219.1
Project("{FAE04EC0-301F-11D3-BF4B-00C04F79EFBC}") = "TATETI", "TATETI\TATETI.csproj", "{86E276EE-EBD5-4C50-B3CD-D3F928670C34}"
EndProject
Global
	GlobalSection(SolutionConfigurationPlatforms) = preSolution
		Debug|Any CPU = Debug|Any CPU
		Release|Any CPU = Release|Any CPU
	EndGlobalSection
	GlobalSection(ProjectConfigurationPlatforms) = postSolution
		{86E276EE-EBD5-4C50-B3CD-D3F928670C34}.Debug|Any CPU.ActiveCfg = Debug|Any CPU
		{86E276EE-EBD5-4C50-B3CD-D3F928670C34}.Debug|Any CPU.Build.0 = Debug|Any CPU
		{86E276EE-EBD5-4C50-B3CD-D3F928670C34}.Release|Any CPU.ActiveCfg = Release|Any CPU
		{86E276EE-EBD5-4C50-B3CD-D3F928670C34}.Release|Any CPU.Build.0 = Release|Any CPU
	EndGlobalSection
	GlobalSection(SolutionProperties) = preSolution
		HideSolutionNode = FALSE
	EndGlobalSection
	GlobalSection(ExtensibilityGlobals) = postSolution
		SolutionGuid = {EEC599E5-7473-4652-9BE9-E8DBBF0E3E78}
	EndGlobalSection
EndGlobal
